{
  "name": "chipmunk.plugin.transport.adb",
  "version": "0.0.1",
  "lockfileVersion": 1,
  "requires": true,
  "dependencies": {
    "@types/node": {
      "version": "10.17.15",
      "resolved": "https://registry.npmjs.org/@types/node/-/node-10.17.15.tgz",
      "integrity": "sha512-daFGV9GSs6USfPgxceDA8nlSe48XrVCJfDeYm7eokxq/ye7iuOH87hKXgMtEAVLFapkczbZsx868PMDT1Y0a6A==",
      "dev": true
    },
    "adb-commander": {
      "version": "0.1.8",
      "resolved": "https://registry.npmjs.org/adb-commander/-/adb-commander-0.1.8.tgz",
      "integrity": "sha512-iQrXT4vUhuS6f8NRhPDRxrNXQEhFBySb7rAItT7s9Qvadq9832VjXBIvZynqPnQtI0sQiGDKKrH8/Os2zluInw==",
      "requires": {
        "adb-driver": "^0.1.8"
      }
    },
    "adb-driver": {
      "version": "0.1.8",
      "resolved": "https://registry.npmjs.org/adb-driver/-/adb-driver-0.1.8.tgz",
      "integrity": "sha512-sERbuWCkIBtoHlEkE3tg67AWUaX/yJskYSLI6DKZsvgr5rL7iVNjMSIB2s7d1zt3luP/BMgLfP5z4Jto+CLafA==",
      "requires": {
        "which": "^1.3.1"
      }
    },
    "adbkit-logcat": {
      "version": "1.1.0",
      "resolved": "https://registry.npmjs.org/adbkit-logcat/-/adbkit-logcat-1.1.0.tgz",
      "integrity": "sha1-Adf5sM75CTowvLOwB+//MBUIli8="
    },
    "adbkit-monkey": {
      "version": "1.0.1",
      "resolved": "https://registry.npmjs.org/adbkit-monkey/-/adbkit-monkey-1.0.1.tgz",
      "integrity": "sha1-8pG+cBou/FZ6Y/x6pq/N7TFDC+E=",
      "requires": {
        "async": "~0.2.9"
      }
    },
    "adbkit2": {
      "version": "2.11.1",
      "resolved": "https://registry.npmjs.org/adbkit2/-/adbkit2-2.11.1.tgz",
      "integrity": "sha512-uAfgBW1H12QwZ+koay1JzUDk/BhTjM9mBJ/cPQG9oXK+dgvWKHFzngmUZ//YCvdvBjsAy3pUN0cWdMyE9U50Iw==",
      "requires": {
        "adbkit-logcat": "^1.1.0",
        "adbkit-monkey": "~1.0.1",
        "bluebird": "~2.9.24",
        "commander": "^2.3.0",
        "debug": "~2.6.3",
        "node-forge": "^0.7.1",
        "split": "~0.3.3"
      }
    },
    "async": {
      "version": "0.2.10",
      "resolved": "https://registry.npmjs.org/async/-/async-0.2.10.tgz",
      "integrity": "sha1-trvgsGdLnXGXCMo43owjfLUmw9E="
    },
    "bluebird": {
      "version": "2.9.34",
      "resolved": "https://registry.npmjs.org/bluebird/-/bluebird-2.9.34.tgz",
      "integrity": "sha1-L3tOyAIWMoqf3evfacjUlC/v99g="
    },
    "chipmunk.plugin.ipc": {
      "version": "0.0.41",
      "resolved": "https://registry.npmjs.org/chipmunk.plugin.ipc/-/chipmunk.plugin.ipc-0.0.41.tgz",
      "integrity": "sha512-4nmi6XzgJ/3+mVeuhYB6mJ2SwuRk5VyuyK/9Q1K6Ww3r2X3Doqu8aPd2eLosFND8GjWqSWVFhYiEWjsEI9pw2w=="
    },
    "commander": {
      "version": "2.20.3",
      "resolved": "https://registry.npmjs.org/commander/-/commander-2.20.3.tgz",
      "integrity": "sha512-GpVkmM8vF2vQUkj2LvZmD35JxeJOLCwJ9cUkugyk2nuhbv3+mJvpLYYt+0+USMxE+oj+ey/lJEnhZw75x/OMcQ=="
    },
    "debug": {
      "version": "2.6.9",
      "resolved": "https://registry.npmjs.org/debug/-/debug-2.6.9.tgz",
      "integrity": "sha512-bC7ElrdJaJnPbAP+1EotYvqZsb3ecl5wi6Bfi6BJTUcNowp6cvspg0jXznRTKDjm/E7AdgFBVeAPVMNcKGsHMA==",
      "requires": {
        "ms": "2.0.0"
      }
    },
    "isexe": {
      "version": "2.0.0",
      "resolved": "https://registry.npmjs.org/isexe/-/isexe-2.0.0.tgz",
      "integrity": "sha1-6PvzdNxVb/iUehDcsFctYz8s+hA="
    },
    "ms": {
      "version": "2.0.0",
      "resolved": "https://registry.npmjs.org/ms/-/ms-2.0.0.tgz",
      "integrity": "sha1-VgiurfwAvmwpAd9fmGF4jeDVl8g="
    },
    "node-forge": {
      "version": "0.7.6",
      "resolved": "https://registry.npmjs.org/node-forge/-/node-forge-0.7.6.tgz",
      "integrity": "sha512-sol30LUpz1jQFBjOKwbjxijiE3b6pjd74YwfD0fJOKPjF+fONKb2Yg8rYgS6+bK6VDl+/wfr4IYpC7jDzLUIfw=="
    },
    "split": {
      "version": "0.3.3",
      "resolved": "https://registry.npmjs.org/split/-/split-0.3.3.tgz",
      "integrity": "sha1-zQ7qXmOiEd//frDwkcQTPi0N0o8=",
      "requires": {
        "through": "2"
      }
    },
    "through": {
      "version": "2.3.8",
      "resolved": "https://registry.npmjs.org/through/-/through-2.3.8.tgz",
      "integrity": "sha1-DdTJ/6q8NXlgsbckEV1+Doai4fU="
    },
    "typescript": {
      "version": "3.7.3",
      "resolved": "https://registry.npmjs.org/typescript/-/typescript-3.7.3.tgz",
      "integrity": "sha512-Mcr/Qk7hXqFBXMN7p7Lusj1ktCBydylfQM/FZCk5glCNQJrCUKPkMHdo9R0MTFWsC/4kPFvDS0fDPvukfCkFsw==",
      "dev": true
    },
    "which": {
      "version": "1.3.1",
      "resolved": "https://registry.npmjs.org/which/-/which-1.3.1.tgz",
      "integrity": "sha512-HxJdYWq1MTIQbJ3nw0cqssHoTNU267KlrDuGZ1WYlxDStUtKUhOaJmh112/TZmHxxUfuJqPXSOm7tDyas0OSIQ==",
      "requires": {
        "isexe": "^2.0.0"
      }
    }
  }
}
